
Microsoft Visual Studio Solution File, Format Version 12.00
# Visual Studio 2013
VisualStudioVersion = 12.0.21005.1
MinimumVisualStudioVersion = 10.0.40219.1
Project("{8BC9CEB8-8B4A-11D0-8D11-00A0C91BC942}") = "LinkMania Hack", "LinkMania Hack\LinkMania Hack.vcxproj", "{CB2848B6-AD0C-4E95-98AD-5DE9A660F440}"
EndProject
Global
	GlobalSection(SolutionConfigurationPlatforms) = preSolution
		ALIN1337|Win32 = ALIN1337|Win32
		Debug|Win32 = Debug|Win32
		Release|Win32 = Release|Win32
	EndGlobalSection
	GlobalSection(ProjectConfigurationPlatforms) = postSolution
		{CB2848B6-AD0C-4E95-98AD-5DE9A660F440}.ALIN1337|Win32.ActiveCfg = ALIN1337|Win32
		{CB2848B6-AD0C-4E95-98AD-5DE9A660F440}.ALIN1337|Win32.Build.0 = ALIN1337|Win32
		{CB2848B6-AD0C-4E95-98AD-5DE9A660F440}.Debug|Win32.ActiveCfg = Debug|Win32
		{CB2848B6-AD0C-4E95-98AD-5DE9A660F440}.Debug|Win32.Build.0 = Debug|Win32
		{CB2848B6-AD0C-4E95-98AD-5DE9A660F440}.Release|Win32.ActiveCfg = Release|Win32
		{CB2848B6-AD0C-4E95-98AD-5DE9A660F440}.Release|Win32.Build.0 = Release|Win32
	EndGlobalSection
	GlobalSection(SolutionProperties) = preSolution
		HideSolutionNode = FALSE
	EndGlobalSection
EndGlobal
