<?xml version="1.0" encoding="utf-8"?>
<Project ToolsVersion="4.0" xmlns="http://schemas.microsoft.com/developer/msbuild/2003">
  <ItemGroup>
    <Filter Include="Source Files">
      <UniqueIdentifier>{4FC737F1-C7A5-4376-A066-2A32D752A2FF}</UniqueIdentifier>
      <Extensions>cpp;c;cc;cxx;def;odl;idl;hpj;bat;asm;asmx</Extensions>
    </Filter>
    <Filter Include="Header Files">
      <UniqueIdentifier>{93995380-89BD-4b04-88EB-625FBE52EBFB}</UniqueIdentifier>
      <Extensions>h;hh;hpp;hxx;hm;inl;inc;xsd</Extensions>
    </Filter>
    <Filter Include="Resource Files">
      <UniqueIdentifier>{67DA6AB6-F800-4c08-8B7A-83BB121AAD01}</UniqueIdentifier>
      <Extensions>rc;ico;cur;bmp;dlg;rc2;rct;bin;rgs;gif;jpg;jpeg;jpe;resx;tiff;tif;png;wav;mfcribbon-ms</Extensions>
    </Filter>
    <Filter Include="Konsole">
      <UniqueIdentifier>{aca5e7c6-9e91-4f33-aa77-09ad8a85f41f}</UniqueIdentifier>
    </Filter>
    <Filter Include="SPLASH">
      <UniqueIdentifier>{3fa30de1-ed55-4daa-9af6-1ebc8a6b028b}</UniqueIdentifier>
    </Filter>
    <Filter Include="Security">
      <UniqueIdentifier>{1c7db3c6-b90d-457c-ab8a-a685fec46de5}</UniqueIdentifier>
    </Filter>
    <Filter Include="AutoKill">
      <UniqueIdentifier>{6d898f9a-1aac-4f80-922b-0a2c470a37c0}</UniqueIdentifier>
    </Filter>
    <Filter Include="HitHack">
      <UniqueIdentifier>{2b40beb8-8279-47bc-a5be-d4690a0c83ec}</UniqueIdentifier>
    </Filter>
  </ItemGroup>
  <ItemGroup>
    <Text Include="ReadMe.txt" />
  </ItemGroup>
  <ItemGroup>
    <ClInclude Include="stdafx.h">
      <Filter>Header Files</Filter>
    </ClInclude>
    <ClInclude Include="targetver.h">
      <Filter>Header Files</Filter>
    </ClInclude>
    <ClInclude Include="detours.h">
      <Filter>Source Files</Filter>
    </ClInclude>
    <ClInclude Include="g_Console.h">
      <Filter>Konsole</Filter>
    </ClInclude>
    <ClInclude Include="TEnum.h">
      <Filter>Konsole</Filter>
    </ClInclude>
    <ClInclude Include="resource.h">
      <Filter>Header Files</Filter>
    </ClInclude>
    <ClInclude Include="Defines.h">
      <Filter>Header Files</Filter>
    </ClInclude>
    <ClInclude Include="splash.h">
      <Filter>SPLASH</Filter>
    </ClInclude>
    <ClInclude Include="Security.h">
      <Filter>Security</Filter>
    </ClInclude>
    <ClInclude Include="HitHack.h">
      <Filter>HitHack</Filter>
    </ClInclude>
    <ClInclude Include="Functions.h">
      <Filter>Resource Files</Filter>
    </ClInclude>
    <ClInclude Include="LinkMania Hack.h">
      <Filter>Header Files</Filter>
    </ClInclude>
  </ItemGroup>
  <ItemGroup>
    <ClCompile Include="stdafx.cpp">
      <Filter>Source Files</Filter>
    </ClCompile>
    <ClCompile Include="LinkMania Hack.cpp">
      <Filter>Source Files</Filter>
    </ClCompile>
    <ClCompile Include="dllmain.cpp">
      <Filter>Source Files</Filter>
    </ClCompile>
    <ClCompile Include="g_Console.cpp">
      <Filter>Konsole</Filter>
    </ClCompile>
    <ClCompile Include="splash.cpp">
      <Filter>SPLASH</Filter>
    </ClCompile>
    <ClCompile Include="Security.cpp">
      <Filter>Security</Filter>
    </ClCompile>
    <ClCompile Include="HitHack.cpp">
      <Filter>HitHack</Filter>
    </ClCompile>
    <ClCompile Include="Functions.cpp">
      <Filter>Source Files</Filter>
    </ClCompile>
    <ClCompile Include="Memory.cpp">
      <Filter>Source Files</Filter>
    </ClCompile>
    <ClCompile Include="Detours.cpp">
      <Filter>Source Files</Filter>
    </ClCompile>
    <ClCompile Include="Window.cpp">
      <Filter>Source Files</Filter>
    </ClCompile>
  </ItemGroup>
  <ItemGroup>
    <ResourceCompile Include="LinkMania Hack.rc">
      <Filter>Resource Files</Filter>
    </ResourceCompile>
  </ItemGroup>
  <ItemGroup>
    <Image Include="..\..\..\GITHUB\antihack\Client\Ralukat.bmp">
      <Filter>Resource Files</Filter>
    </Image>
    <Image Include="..\Ralukat.bmp">
      <Filter>Resource Files</Filter>
    </Image>
  </ItemGroup>
</Project>